{
  "name": "@dapih/visualkan",
  "version": "0.5.0",
  "lockfileVersion": 3,
  "requires": true,
  "packages": {
    "": {
      "name": "@dapih/visualkan",
      "version": "0.5.0",
      "license": "MIT",
      "dependencies": {
        "@dapih/visualkan": "^0.4.1"
      },
      "bin": {
        "visualkan": "visualkan.mjs"
      },
      "engines": {
        "node": ">=24"
      }
    },
    "node_modules/@dapih/visualkan": {
      "version": "0.4.1",
      "resolved": "https://registry.npmjs.org/@dapih/visualkan/-/visualkan-0.4.1.tgz",
      "integrity": "sha512-8FH1e1GJnDmyOz9XdfcefeolZYgnHyU0YFOgv9bxdl6FVXfWKjqmH/2q2Rx2rxx8YHo8A+sUzHvVtuChIqid4g==",
      "license": "MIT",
      "bin": {
        "visualkan": "visualkan.mjs"
      },
      "engines": {
        "node": ">=24"
      }
    }
  }
}
